// !$*UTF8*$!
{
	archiveVersion = 1;
	classes = {
	};
	objectVersion = 50;
	objects = {

/* Begin PBXBuildFile section */
		5B1D62F9228A59AE008E86B6 /* AppDelegate.swift in Sources */ = {isa = PBXBuildFile; fileRef = 5B1D62F8228A59AE008E86B6 /* AppDelegate.swift */; };
		5B1D62FB228A59AE008E86B6 /* ViewController.swift in Sources */ = {isa = PBXBuildFile; fileRef = 5B1D62FA228A59AE008E86B6 /* ViewController.swift */; };
		5B1D62FE228A59AE008E86B6 /* Main.storyboard in Resources */ = {isa = PBXBuildFile; fileRef = 5B1D62FC228A59AE008E86B6 /* Main.storyboard */; };
		5B1D6300228A59B1008E86B6 /* Assets.xcassets in Resources */ = {isa = PBXBuildFile; fileRef = 5B1D62FF228A59B1008E86B6 /* Assets.xcassets */; };
		5B1D6303228A59B1008E86B6 /* LaunchScreen.storyboard in Resources */ = {isa = PBXBuildFile; fileRef = 5B1D6301228A59B1008E86B6 /* LaunchScreen.storyboard */; };
		5B1D630E228A59B1008E86B6 /* LocksTests.swift in Sources */ = {isa = PBXBuildFile; fileRef = 5B1D630D228A59B1008E86B6 /* LocksTests.swift */; };
		5B1D6319228A59B1008E86B6 /* LocksUITests.swift in Sources */ = {isa = PBXBuildFile; fileRef = 5B1D6318228A59B1008E86B6 /* LocksUITests.swift */; };
/* End PBXBuildFile section */

/* Begin PBXContainerItemProxy section */
		5B1D630A228A59B1008E86B6 /* PBXContainerItemProxy */ = {
			isa = PBXContainerItemProxy;
			containerPortal = 5B1D62ED228A59AE008E86B6 /* Project object */;
			proxyType = 1;
			remoteGlobalIDString = 5B1D62F4228A59AE008E86B6;
			remoteInfo = Locks;
		};
		5B1D6315228A59B1008E86B6 /* PBXContainerItemProxy */ = {
			isa = PBXContainerItemProxy;
			containerPortal = 5B1D62ED228A59AE008E86B6 /* Project object */;
			proxyType = 1;
			remoteGlobalIDString = 5B1D62F4228A59AE008E86B6;
			remoteInfo = Locks;
		};
/* End PBXContainerItemProxy section */

/* Begin PBXFileReference section */
		5B1D62F5228A59AE008E86B6 /* Locks.app */ = {isa = PBXFileReference; explicitFileType = wrapper.application; includeInIndex = 0; path = Locks.app; sourceTree = BUILT_PRODUCTS_DIR; };
		5B1D62F8228A59AE008E86B6 /* AppDelegate.swift */ = {isa = PBXFileReference; lastKnownFileType = sourcecode.swift; path = AppDelegate.swift; sourceTree = "<group>"; };
		5B1D62FA228A59AE008E86B6 /* ViewController.swift */ = {isa = PBXFileReference; lastKnownFileType = sourcecode.swift; path = ViewController.swift; sourceTree = "<group>"; };
		5B1D62FD228A59AE008E86B6 /* Base */ = {isa = PBXFileReference; lastKnownFileType = file.storyboard; name = Base; path = Base.lproj/Main.storyboard; sourceTree = "<group>"; };
		5B1D62FF228A59B1008E86B6 /* Assets.xcassets */ = {isa = PBXFileReference; lastKnownFileType = folder.assetcatalog; path = Assets.xcassets; sourceTree = "<group>"; };
		5B1D6302228A59B1008E86B6 /* Base */ = {isa = PBXFileReference; lastKnownFileType = file.storyboard; name = Base; path = Base.lproj/LaunchScreen.storyboard; sourceTree = "<group>"; };
		5B1D6304228A59B1008E86B6 /* Info.plist */ = {isa = PBXFileReference; lastKnownFileType = text.plist.xml; path = Info.plist; sourceTree = "<group>"; };
		5B1D6309228A59B1008E86B6 /* LocksTests.xctest */ = {isa = PBXFileReference; explicitFileType = wrapper.cfbundle; includeInIndex = 0; path = LocksTests.xctest; sourceTree = BUILT_PRODUCTS_DIR; };
		5B1D630D228A59B1008E86B6 /* LocksTests.swift */ = {isa = PBXFileReference; lastKnownFileType = sourcecode.swift; path = LocksTests.swift; sourceTree = "<group>"; };
		5B1D630F228A59B1008E86B6 /* Info.plist */ = {isa = PBXFileReference; lastKnownFileType = text.plist.xml; path = Info.plist; sourceTree = "<group>"; };
		5B1D6314228A59B1008E86B6 /* LocksUITests.xctest */ = {isa = PBXFileReference; explicitFileType = wrapper.cfbundle; includeInIndex = 0; path = LocksUITests.xctest; sourceTree = BUILT_PRODUCTS_DIR; };
		5B1D6318228A59B1008E86B6 /* LocksUITests.swift */ = {isa = PBXFileReference; lastKnownFileType = sourcecode.swift; path = LocksUITests.swift; sourceTree = "<group>"; };
		5B1D631A228A59B1008E86B6 /* Info.plist */ = {isa = PBXFileReference; lastKnownFileType = text.plist.xml; path = Info.plist; sourceTree = "<group>"; };
/* End PBXFileReference section */

/* Begin PBXFrameworksBuildPhase section */
		5B1D62F2228A59AE008E86B6 /* Frameworks */ = {
			isa = PBXFrameworksBuildPhase;
			buildActionMask = 2147483647;
			files = (
			);
			runOnlyForDeploymentPostprocessing = 0;
		};
		5B1D6306228A59B1008E86B6 /* Frameworks */ = {
			isa = PBXFrameworksBuildPhase;
			buildActionMask = 2147483647;
			files = (
			);
			runOnlyForDeploymentPostprocessing = 0;
		};
		5B1D6311228A59B1008E86B6 /* Frameworks */ = {
			isa = PBXFrameworksBuildPhase;
			buildActionMask = 2147483647;
			files = (
			);
			runOnlyForDeploymentPostprocessing = 0;
		};
/* End PBXFrameworksBuildPhase section */

/* Begin PBXGroup section */
		5B1D62EC228A59AE008E86B6 = {
			isa = PBXGroup;
			children = (
				5B1D62F7228A59AE008E86B6 /* Locks */,
				5B1D630C228A59B1008E86B6 /* LocksTests */,
				5B1D6317228A59B1008E86B6 /* LocksUITests */,
				5B1D62F6228A59AE008E86B6 /* Products */,
			);
			sourceTree = "<group>";
		};
		5B1D62F6228A59AE008E86B6 /* Products */ = {
			isa = PBXGroup;
			children = (
				5B1D62F5228A59AE008E86B6 /* Locks.app */,
				5B1D6309228A59B1008E86B6 /* LocksTests.xctest */,
				5B1D6314228A59B1008E86B6 /* LocksUITests.xctest */,
			);
			name = Products;
			sourceTree = "<group>";
		};
		5B1D62F7228A59AE008E86B6 /* Locks */ = {
			isa = PBXGroup;
			children = (
				5B1D62F8228A59AE008E86B6 /* AppDelegate.swift */,
				5B1D62FA228A59AE008E86B6 /* ViewController.swift */,
				5B1D62FC228A59AE008E86B6 /* Main.storyboard */,
				5B1D62FF228A59B1008E86B6 /* Assets.xcassets */,
				5B1D6301228A59B1008E86B6 /* LaunchScreen.storyboard */,
				5B1D6304228A59B1008E86B6 /* Info.plist */,
			);
			path = Locks;
			sourceTree = "<group>";
		};
		5B1D630C228A59B1008E86B6 /* LocksTests */ = {
			isa = PBXGroup;
			children = (
				5B1D630D228A59B1008E86B6 /* LocksTests.swift */,
				5B1D630F228A59B1008E86B6 /* Info.plist */,
			);
			path = LocksTests;
			sourceTree = "<group>";
		};
		5B1D6317228A59B1008E86B6 /* LocksUITests */ = {
			isa = PBXGroup;
			children = (
				5B1D6318228A59B1008E86B6 /* LocksUITests.swift */,
				5B1D631A228A59B1008E86B6 /* Info.plist */,
			);
			path = LocksUITests;
			sourceTree = "<group>";
		};
/* End PBXGroup section */

/* Begin PBXNativeTarget section */
		5B1D62F4228A59AE008E86B6 /* Locks */ = {
			isa = PBXNativeTarget;
			buildConfigurationList = 5B1D631D228A59B1008E86B6 /* Build configuration list for PBXNativeTarget "Locks" */;
			buildPhases = (
				5B1D62F1228A59AE008E86B6 /* Sources */,
				5B1D62F2228A59AE008E86B6 /* Frameworks */,
				5B1D62F3228A59AE008E86B6 /* Resources */,
			);
			buildRules = (
			);
			dependencies = (
			);
			name = Locks;
			productName = Locks;
			productReference = 5B1D62F5228A59AE008E86B6 /* Locks.app */;
			productType = "com.apple.product-type.application";
		};
		5B1D6308228A59B1008E86B6 /* LocksTests */ = {
			isa = PBXNativeTarget;
			buildConfigurationList = 5B1D6320228A59B1008E86B6 /* Build configuration list for PBXNativeTarget "LocksTests" */;
			buildPhases = (
				5B1D6305228A59B1008E86B6 /* Sources */,
				5B1D6306228A59B1008E86B6 /* Frameworks */,
				5B1D6307228A59B1008E86B6 /* Resources */,
			);
			buildRules = (
			);
			dependencies = (
				5B1D630B228A59B1008E86B6 /* PBXTargetDependency */,
			);
			name = LocksTests;
			productName = LocksTests;
			productReference = 5B1D6309228A59B1008E86B6 /* LocksTests.xctest */;
			productType = "com.apple.product-type.bundle.unit-test";
		};
		5B1D6313228A59B1008E86B6 /* LocksUITests */ = {
			isa = PBXNativeTarget;
			buildConfigurationList = 5B1D6323228A59B1008E86B6 /* Build configuration list for PBXNativeTarget "LocksUITests" */;
			buildPhases = (
				5B1D6310228A59B1008E86B6 /* Sources */,
				5B1D6311228A59B1008E86B6 /* Frameworks */,
				5B1D6312228A59B1008E86B6 /* Resources */,
			);
			buildRules = (
			);
			dependencies = (
				5B1D6316228A59B1008E86B6 /* PBXTargetDependency */,
			);
			name = LocksUITests;
			productName = LocksUITests;
			productReference = 5B1D6314228A59B1008E86B6 /* LocksUITests.xctest */;
			productType = "com.apple.product-type.bundle.ui-testing";
		};
/* End PBXNativeTarget section */

/* Begin PBXProject section */
		5B1D62ED228A59AE008E86B6 /* Project object */ = {
			isa = PBXProject;
			attributes = {
				LastSwiftUpdateCheck = 1020;
				LastUpgradeCheck = 1020;
				ORGANIZATIONNAME = com.heron;
				TargetAttributes = {
					5B1D62F4228A59AE008E86B6 = {
						CreatedOnToolsVersion = 10.2.1;
					};
					5B1D6308228A59B1008E86B6 = {
						CreatedOnToolsVersion = 10.2.1;
						TestTargetID = 5B1D62F4228A59AE008E86B6;
					};
					5B1D6313228A59B1008E86B6 = {
						CreatedOnToolsVersion = 10.2.1;
						TestTargetID = 5B1D62F4228A59AE008E86B6;
					};
				};
			};
			buildConfigurationList = 5B1D62F0228A59AE008E86B6 /* Build configuration list for PBXProject "Locks" */;
			compatibilityVersion = "Xcode 9.3";
			developmentRegion = en;
			hasScannedForEncodings = 0;
			knownRegions = (
				en,
				Base,
			);
			mainGroup = 5B1D62EC228A59AE008E86B6;
			productRefGroup = 5B1D62F6228A59AE008E86B6 /* Products */;
			projectDirPath = "";
			projectRoot = "";
			targets = (
				5B1D62F4228A59AE008E86B6 /* Locks */,
				5B1D6308228A59B1008E86B6 /* LocksTests */,
				5B1D6313228A59B1008E86B6 /* LocksUITests */,
			);
		};
/* End PBXProject section */

/* Begin PBXResourcesBuildPhase section */
		5B1D62F3228A59AE008E86B6 /* Resources */ = {
			isa = PBXResourcesBuildPhase;
			buildActionMask = 2147483647;
			files = (
				5B1D6303228A59B1008E86B6 /* LaunchScreen.storyboard in Resources */,
				5B1D6300228A59B1008E86B6 /* Assets.xcassets in Resources */,
				5B1D62FE228A59AE008E86B6 /* Main.storyboard in Resources */,
			);
			runOnlyForDeploymentPostprocessing = 0;
		};
		5B1D6307228A59B1008E86B6 /* Resources */ = {
			isa = PBXResourcesBuildPhase;
			buildActionMask = 2147483647;
			files = (
			);
			runOnlyForDeploymentPostprocessing = 0;
		};
		5B1D6312228A59B1008E86B6 /* Resources */ = {
			isa = PBXResourcesBuildPhase;
			buildActionMask = 2147483647;
			files = (
			);
			runOnlyForDeploymentPostprocessing = 0;
		};
/* End PBXResourcesBuildPhase section */

/* Begin PBXSourcesBuildPhase section */
		5B1D62F1228A59AE008E86B6 /* Sources */ = {
			isa = PBXSourcesBuildPhase;
			buildActionMask = 2147483647;
			files = (
				5B1D62FB228A59AE008E86B6 /* ViewController.swift in Sources */,
				5B1D62F9228A59AE008E86B6 /* AppDelegate.swift in Sources */,
			);
			runOnlyForDeploymentPostprocessing = 0;
		};
		5B1D6305228A59B1008E86B6 /* Sources */ = {
			isa = PBXSourcesBuildPhase;
			buildActionMask = 2147483647;
			files = (
				5B1D630E228A59B1008E86B6 /* LocksTests.swift in Sources */,
			);
			runOnlyForDeploymentPostprocessing = 0;
		};
		5B1D6310228A59B1008E86B6 /* Sources */ = {
			isa = PBXSourcesBuildPhase;
			buildActionMask = 2147483647;
			files = (
				5B1D6319228A59B1008E86B6 /* LocksUITests.swift in Sources */,
			);
			runOnlyForDeploymentPostprocessing = 0;
		};
/* End PBXSourcesBuildPhase section */

/* Begin PBXTargetDependency section */
		5B1D630B228A59B1008E86B6 /* PBXTargetDependency */ = {
			isa = PBXTargetDependency;
			target = 5B1D62F4228A59AE008E86B6 /* Locks */;
			targetProxy = 5B1D630A228A59B1008E86B6 /* PBXContainerItemProxy */;
		};
		5B1D6316228A59B1008E86B6 /* PBXTargetDependency */ = {
			isa = PBXTargetDependency;
			target = 5B1D62F4228A59AE008E86B6 /* Locks */;
			targetProxy = 5B1D6315228A59B1008E86B6 /* PBXContainerItemProxy */;
		};
/* End PBXTargetDependency section */

/* Begin PBXVariantGroup section */
		5B1D62FC228A59AE008E86B6 /* Main.storyboard */ = {
			isa = PBXVariantGroup;
			children = (
				5B1D62FD228A59AE008E86B6 /* Base */,
			);
			name = Main.storyboard;
			sourceTree = "<group>";
		};
		5B1D6301228A59B1008E86B6 /* LaunchScreen.storyboard */ = {
			isa = PBXVariantGroup;
			children = (
				5B1D6302228A59B1008E86B6 /* Base */,
			);
			name = LaunchScreen.storyboard;
			sourceTree = "<group>";
		};
/* End PBXVariantGroup section */

/* Begin XCBuildConfiguration section */
		5B1D631B228A59B1008E86B6 /* Debug */ = {
			isa = XCBuildConfiguration;
			buildSettings = {
				ALWAYS_SEARCH_USER_PATHS = NO;
				CLANG_ANALYZER_NONNULL = YES;
				CLANG_ANALYZER_NUMBER_OBJECT_CONVERSION = YES_AGGRESSIVE;
				CLANG_CXX_LANGUAGE_STANDARD = "gnu++14";
				CLANG_CXX_LIBRARY = "libc++";
				CLANG_ENABLE_MODULES = YES;
				CLANG_ENABLE_OBJC_ARC = YES;
				CLANG_ENABLE_OBJC_WEAK = YES;
				CLANG_WARN_BLOCK_CAPTURE_AUTORELEASING = YES;
				CLANG_WARN_BOOL_CONVERSION = YES;
				CLANG_WARN_COMMA = YES;
				CLANG_WARN_CONSTANT_CONVERSION = YES;
				CLANG_WARN_DEPRECATED_OBJC_IMPLEMENTATIONS = YES;
				CLANG_WARN_DIRECT_OBJC_ISA_USAGE = YES_ERROR;
				CLANG_WARN_DOCUMENTATION_COMMENTS = YES;
				CLANG_WARN_EMPTY_BODY = YES;
				CLANG_WARN_ENUM_CONVERSION = YES;
				CLANG_WARN_INFINITE_RECURSION = YES;
				CLANG_WARN_INT_CONVERSION = YES;
				CLANG_WARN_NON_LITERAL_NULL_CONVERSION = YES;
				CLANG_WARN_OBJC_IMPLICIT_RETAIN_SELF = YES;
				CLANG_WARN_OBJC_LITERAL_CONVERSION = YES;
				CLANG_WARN_OBJC_ROOT_CLASS = YES_ERROR;
				CLANG_WARN_RANGE_LOOP_ANALYSIS = YES;
				CLANG_WARN_STRICT_PROTOTYPES = YES;
				CLANG_WARN_SUSPICIOUS_MOVE = YES;
				CLANG_WARN_UNGUARDED_AVAILABILITY = YES_AGGRESSIVE;
				CLANG_WARN_UNREACHABLE_CODE = YES;
				CLANG_WARN__DUPLICATE_METHOD_MATCH = YES;
				CODE_SIGN_IDENTITY = "iPhone Developer";
				COPY_PHASE_STRIP = NO;
				DEBUG_INFORMATION_FORMAT = dwarf;
				ENABLE_STRICT_OBJC_MSGSEND = YES;
				ENABLE_TESTABILITY = YES;
				GCC_C_LANGUAGE_STANDARD = gnu11;
				GCC_DYNAMIC_NO_PIC = NO;
				GCC_NO_COMMON_BLOCKS = YES;
				GCC_OPTIMIZATION_LEVEL = 0;
				GCC_PREPROCESSOR_DEFINITIONS = (
					"DEBUG=1",
					"$(inherited)",
				);
				GCC_WARN_64_TO_32_BIT_CONVERSION = YES;
				GCC_WARN_ABOUT_RETURN_TYPE = YES_ERROR;
				GCC_WARN_UNDECLARED_SELECTOR = YES;
				GCC_WARN_UNINITIALIZED_AUTOS = YES_AGGRESSIVE;
				GCC_WARN_UNUSED_FUNCTION = YES;
				GCC_WARN_UNUSED_VARIABLE = YES;
				IPHONEOS_DEPLOYMENT_TARGET = 12.2;
				MTL_ENABLE_DEBUG_INFO = INCLUDE_SOURCE;
				MTL_FAST_MATH = YES;
				ONLY_ACTIVE_ARCH = YES;
				SDKROOT = iphoneos;
				SWIFT_ACTIVE_COMPILATION_CONDITIONS = DEBUG;
				SWIFT_OPTIMIZATION_LEVEL = "-Onone";
			};
			name = Debug;
		};
		5B1D631C228A59B1008E86B6 /* Release */ = {
			isa = XCBuildConfiguration;
			buildSettings = {
				ALWAYS_SEARCH_USER_PATHS = NO;
				CLANG_ANALYZER_NONNULL = YES;
				CLANG_ANALYZER_NUMBER_OBJECT_CONVERSION = YES_AGGRESSIVE;
				CLANG_CXX_LANGUAGE_STANDARD = "gnu++14";
				CLANG_CXX_LIBRARY = "libc++";
				CLANG_ENABLE_MODULES = YES;
				CLANG_ENABLE_OBJC_ARC = YES;
				CLANG_ENABLE_OBJC_WEAK = YES;
				CLANG_WARN_BLOCK_CAPTURE_AUTORELEASING = YES;
				CLANG_WARN_BOOL_CONVERSION = YES;
				CLANG_WARN_COMMA = YES;
				CLANG_WARN_CONSTANT_CONVERSION = YES;
				CLANG_WARN_DEPRECATED_OBJC_IMPLEMENTATIONS = YES;
				CLANG_WARN_DIRECT_OBJC_ISA_USAGE = YES_ERROR;
				CLANG_WARN_DOCUMENTATION_COMMENTS = YES;
				CLANG_WARN_EMPTY_BODY = YES;
				CLANG_WARN_ENUM_CONVERSION = YES;
				CLANG_WARN_INFINITE_RECURSION = YES;
				CLANG_WARN_INT_CONVERSION = YES;
				CLANG_WARN_NON_LITERAL_NULL_CONVERSION = YES;
				CLANG_WARN_OBJC_IMPLICIT_RETAIN_SELF = YES;
				CLANG_WARN_OBJC_LITERAL_CONVERSION = YES;
				CLANG_WARN_OBJC_ROOT_CLASS = YES_ERROR;
				CLANG_WARN_RANGE_LOOP_ANALYSIS = YES;
				CLANG_WARN_STRICT_PROTOTYPES = YES;
				CLANG_WARN_SUSPICIOUS_MOVE = YES;
				CLANG_WARN_UNGUARDED_AVAILABILITY = YES_AGGRESSIVE;
				CLANG_WARN_UNREACHABLE_CODE = YES;
				CLANG_WARN__DUPLICATE_METHOD_MATCH = YES;
				CODE_SIGN_IDENTITY = "iPhone Developer";
				COPY_PHASE_STRIP = NO;
				DEBUG_INFORMATION_FORMAT = "dwarf-with-dsym";
				ENABLE_NS_ASSERTIONS = NO;
				ENABLE_STRICT_OBJC_MSGSEND = YES;
				GCC_C_LANGUAGE_STANDARD = gnu11;
				GCC_NO_COMMON_BLOCKS = YES;
				GCC_WARN_64_TO_32_BIT_CONVERSION = YES;
				GCC_WARN_ABOUT_RETURN_TYPE = YES_ERROR;
				GCC_WARN_UNDECLARED_SELECTOR = YES;
				GCC_WARN_UNINITIALIZED_AUTOS = YES_AGGRESSIVE;
				GCC_WARN_UNUSED_FUNCTION = YES;
				GCC_WARN_UNUSED_VARIABLE = YES;
				IPHONEOS_DEPLOYMENT_TARGET = 12.2;
				MTL_ENABLE_DEBUG_INFO = NO;
				MTL_FAST_MATH = YES;
				SDKROOT = iphoneos;
				SWIFT_COMPILATION_MODE = wholemodule;
				SWIFT_OPTIMIZATION_LEVEL = "-O";
				VALIDATE_PRODUCT = YES;
			};
			name = Release;
		};
		5B1D631E228A59B1008E86B6 /* Debug */ = {
			isa = XCBuildConfiguration;
			buildSettings = {
				ASSETCATALOG_COMPILER_APPICON_NAME = AppIcon;
				CODE_SIGN_STYLE = Automatic;
				INFOPLIST_FILE = Locks/Info.plist;
				LD_RUNPATH_SEARCH_PATHS = (
					"$(inherited)",
					"@executable_path/Frameworks",
				);
				PRODUCT_BUNDLE_IDENTIFIER = com.heron.Locks;
				PRODUCT_NAME = "$(TARGET_NAME)";
				SWIFT_VERSION = 5.0;
				TARGETED_DEVICE_FAMILY = "1,2";
			};
			name = Debug;
		};
		5B1D631F228A59B1008E86B6 /* Release */ = {
			isa = XCBuildConfiguration;
			buildSettings = {
				ASSETCATALOG_COMPILER_APPICON_NAME = AppIcon;
				CODE_SIGN_STYLE = Automatic;
				INFOPLIST_FILE = Locks/Info.plist;
				LD_RUNPATH_SEARCH_PATHS = (
					"$(inherited)",
					"@executable_path/Frameworks",
				);
				PRODUCT_BUNDLE_IDENTIFIER = com.heron.Locks;
				PRODUCT_NAME = "$(TARGET_NAME)";
				SWIFT_VERSION = 5.0;
				TARGETED_DEVICE_FAMILY = "1,2";
			};
			name = Release;
		};
		5B1D6321228A59B1008E86B6 /* Debug */ = {
			isa = XCBuildConfiguration;
			buildSettings = {
				ALWAYS_EMBED_SWIFT_STANDARD_LIBRARIES = YES;
				BUNDLE_LOADER = "$(TEST_HOST)";
				CODE_SIGN_STYLE = Automatic;
				INFOPLIST_FILE = LocksTests/Info.plist;
				LD_RUNPATH_SEARCH_PATHS = (
					"$(inherited)",
					"@executable_path/Frameworks",
					"@loader_path/Frameworks",
				);
				PRODUCT_BUNDLE_IDENTIFIER = com.heron.LocksTests;
				PRODUCT_NAME = "$(TARGET_NAME)";
				SWIFT_VERSION = 5.0;
				TARGETED_DEVICE_FAMILY = "1,2";
				TEST_HOST = "$(BUILT_PRODUCTS_DIR)/Locks.app/Locks";
			};
			name = Debug;
		};
		5B1D6322228A59B1008E86B6 /* Release */ = {
			isa = XCBuildConfiguration;
			buildSettings = {
				ALWAYS_EMBED_SWIFT_STANDARD_LIBRARIES = YES;
				BUNDLE_LOADER = "$(TEST_HOST)";
				CODE_SIGN_STYLE = Automatic;
				INFOPLIST_FILE = LocksTests/Info.plist;
				LD_RUNPATH_SEARCH_PATHS = (
					"$(inherited)",
					"@executable_path/Frameworks",
					"@loader_path/Frameworks",
				);
				PRODUCT_BUNDLE_IDENTIFIER = com.heron.LocksTests;
				PRODUCT_NAME = "$(TARGET_NAME)";
				SWIFT_VERSION = 5.0;
				TARGETED_DEVICE_FAMILY = "1,2";
				TEST_HOST = "$(BUILT_PRODUCTS_DIR)/Locks.app/Locks";
			};
			name = Release;
		};
		5B1D6324228A59B1008E86B6 /* Debug */ = {
			isa = XCBuildConfiguration;
			buildSettings = {
				ALWAYS_EMBED_SWIFT_STANDARD_LIBRARIES = YES;
				CODE_SIGN_STYLE = Automatic;
				INFOPLIST_FILE = LocksUITests/Info.plist;
				LD_RUNPATH_SEARCH_PATHS = (
					"$(inherited)",
					"@executable_path/Frameworks",
					"@loader_path/Frameworks",
				);
				PRODUCT_BUNDLE_IDENTIFIER = com.heron.LocksUITests;
				PRODUCT_NAME = "$(TARGET_NAME)";
				SWIFT_VERSION = 5.0;
				TARGETED_DEVICE_FAMILY = "1,2";
				TEST_TARGET_NAME = Locks;
			};
			name = Debug;
		};
		5B1D6325228A59B1008E86B6 /* Release */ = {
			isa = XCBuildConfiguration;
			buildSettings = {
				ALWAYS_EMBED_SWIFT_STANDARD_LIBRARIES = YES;
				CODE_SIGN_STYLE = Automatic;
				INFOPLIST_FILE = LocksUITests/Info.plist;
				LD_RUNPATH_SEARCH_PATHS = (
					"$(inherited)",
					"@executable_path/Frameworks",
					"@loader_path/Frameworks",
				);
				PRODUCT_BUNDLE_IDENTIFIER = com.heron.LocksUITests;
				PRODUCT_NAME = "$(TARGET_NAME)";
				SWIFT_VERSION = 5.0;
				TARGETED_DEVICE_FAMILY = "1,2";
				TEST_TARGET_NAME = Locks;
			};
			name = Release;
		};
/* End XCBuildConfiguration section */

/* Begin XCConfigurationList section */
		5B1D62F0228A59AE008E86B6 /* Build configuration list for PBXProject "Locks" */ = {
			isa = XCConfigurationList;
			buildConfigurations = (
				5B1D631B228A59B1008E86B6 /* Debug */,
				5B1D631C228A59B1008E86B6 /* Release */,
			);
			defaultConfigurationIsVisible = 0;
			defaultConfigurationName = Release;
		};
		5B1D631D228A59B1008E86B6 /* Build configuration list for PBXNativeTarget "Locks" */ = {
			isa = XCConfigurationList;
			buildConfigurations = (
				5B1D631E228A59B1008E86B6 /* Debug */,
				5B1D631F228A59B1008E86B6 /* Release */,
			);
			defaultConfigurationIsVisible = 0;
			defaultConfigurationName = Release;
		};
		5B1D6320228A59B1008E86B6 /* Build configuration list for PBXNativeTarget "LocksTests" */ = {
			isa = XCConfigurationList;
			buildConfigurations = (
				5B1D6321228A59B1008E86B6 /* Debug */,
				5B1D6322228A59B1008E86B6 /* Release */,
			);
			defaultConfigurationIsVisible = 0;
			defaultConfigurationName = Release;
		};
		5B1D6323228A59B1008E86B6 /* Build configuration list for PBXNativeTarget "LocksUITests" */ = {
			isa = XCConfigurationList;
			buildConfigurations = (
				5B1D6324228A59B1008E86B6 /* Debug */,
				5B1D6325228A59B1008E86B6 /* Release */,
			);
			defaultConfigurationIsVisible = 0;
			defaultConfigurationName = Release;
		};
/* End XCConfigurationList section */
	};
	rootObject = 5B1D62ED228A59AE008E86B6 /* Project object */;
}
